// !$*UTF8*$!
{
	archiveVersion = 1;
	classes = {
	};
	objectVersion = 56;
	objects = {

/* Begin PBXBuildFile section */
		D30446FB2B94176300C8262B /* Pagination.swift in Sources */ = {isa = PBXBuildFile; fileRef = D30446FA2B94176300C8262B /* Pagination.swift */; };
		D30446FD2B9423B300C8262B /* NewsFeedLoadMoreTableViewCell.swift in Sources */ = {isa = PBXBuildFile; fileRef = D30446FC2B9423B300C8262B /* NewsFeedLoadMoreTableViewCell.swift */; };
		D30447002B942C0300C8262B /* Kingfisher in Frameworks */ = {isa = PBXBuildFile; productRef = D30446FF2B942C0300C8262B /* Kingfisher */; };
		D30447032B943D0600C8262B /* NewsFeedDetailsVM.swift in Sources */ = {isa = PBXBuildFile; fileRef = D30447022B943D0600C8262B /* NewsFeedDetailsVM.swift */; };
		D30447052B943D1500C8262B /* NewsFeedDetailsVC.swift in Sources */ = {isa = PBXBuildFile; fileRef = D30447042B943D1500C8262B /* NewsFeedDetailsVC.swift */; };
		D30447072B943FC900C8262B /* UIImageViewExtensions.swift in Sources */ = {isa = PBXBuildFile; fileRef = D30447062B943FC900C8262B /* UIImageViewExtensions.swift */; };
		D3304B662B92C7AC009C54F2 /* Realm in Frameworks */ = {isa = PBXBuildFile; productRef = D3304B652B92C7AC009C54F2 /* Realm */; };
		D3304B682B92C7AC009C54F2 /* RealmSwift in Frameworks */ = {isa = PBXBuildFile; productRef = D3304B672B92C7AC009C54F2 /* RealmSwift */; };
		D3304B6A2B92C7BE009C54F2 /* RStorageService.swift in Sources */ = {isa = PBXBuildFile; fileRef = D3304B692B92C7BE009C54F2 /* RStorageService.swift */; };
		D3304B6E2B92C9B6009C54F2 /* DataTransformer.swift in Sources */ = {isa = PBXBuildFile; fileRef = D3304B6D2B92C9B6009C54F2 /* DataTransformer.swift */; };
		D3304B702B92CDB5009C54F2 /* UserCredentials.swift in Sources */ = {isa = PBXBuildFile; fileRef = D3304B6F2B92CDB5009C54F2 /* UserCredentials.swift */; };
		D3304B732B92CDEE009C54F2 /* RUser.swift in Sources */ = {isa = PBXBuildFile; fileRef = D3304B722B92CDEE009C54F2 /* RUser.swift */; };
		D3304B752B92E03A009C54F2 /* StringExtensions.swift in Sources */ = {isa = PBXBuildFile; fileRef = D3304B742B92E03A009C54F2 /* StringExtensions.swift */; };
		D3304B782B92E6DA009C54F2 /* PasswordEncryptor.swift in Sources */ = {isa = PBXBuildFile; fileRef = D3304B772B92E6DA009C54F2 /* PasswordEncryptor.swift */; };
		D3304B7B2B92F21C009C54F2 /* UserRepoProtocol.swift in Sources */ = {isa = PBXBuildFile; fileRef = D3304B7A2B92F21C009C54F2 /* UserRepoProtocol.swift */; };
		D3304B832B92F7EF009C54F2 /* KeychainService.swift in Sources */ = {isa = PBXBuildFile; fileRef = D3304B822B92F7EF009C54F2 /* KeychainService.swift */; };
		D3304B872B92FBD7009C54F2 /* AuthRepoProtocol.swift in Sources */ = {isa = PBXBuildFile; fileRef = D3304B862B92FBD7009C54F2 /* AuthRepoProtocol.swift */; };
		D3304B892B92FDEB009C54F2 /* KeychainUserLoginProvider.swift in Sources */ = {isa = PBXBuildFile; fileRef = D3304B882B92FDEB009C54F2 /* KeychainUserLoginProvider.swift */; };
		D3304B8C2B932783009C54F2 /* NewsListFetcherProtocol.swift in Sources */ = {isa = PBXBuildFile; fileRef = D3304B8B2B932783009C54F2 /* NewsListFetcherProtocol.swift */; };
		D3304B8E2B93278E009C54F2 /* News.swift in Sources */ = {isa = PBXBuildFile; fileRef = D3304B8D2B93278E009C54F2 /* News.swift */; };
		D3304B912B9328C2009C54F2 /* URLSessionNewsFetcher.swift in Sources */ = {isa = PBXBuildFile; fileRef = D3304B902B9328C2009C54F2 /* URLSessionNewsFetcher.swift */; };
		D3304B942B935F61009C54F2 /* HomeTabBarVC.swift in Sources */ = {isa = PBXBuildFile; fileRef = D3304B932B935F61009C54F2 /* HomeTabBarVC.swift */; };
		D3304B962B936BBD009C54F2 /* HomeTabBarVM.swift in Sources */ = {isa = PBXBuildFile; fileRef = D3304B952B936BBD009C54F2 /* HomeTabBarVM.swift */; };
		D3304B982B938B2A009C54F2 /* NewsFeedVC.swift in Sources */ = {isa = PBXBuildFile; fileRef = D3304B972B938B2A009C54F2 /* NewsFeedVC.swift */; };
		D3304B9B2B938B3D009C54F2 /* NewsFeedVM.swift in Sources */ = {isa = PBXBuildFile; fileRef = D3304B9A2B938B3D009C54F2 /* NewsFeedVM.swift */; };
		D3304B9E2B938E85009C54F2 /* NewsFeedTableViewCell.swift in Sources */ = {isa = PBXBuildFile; fileRef = D3304B9D2B938E85009C54F2 /* NewsFeedTableViewCell.swift */; };
		D3304BA02B939C39009C54F2 /* BookmarkableProtocol.swift in Sources */ = {isa = PBXBuildFile; fileRef = D3304B9F2B939C39009C54F2 /* BookmarkableProtocol.swift */; };
		D3304BA22B939C9B009C54F2 /* RNews.swift in Sources */ = {isa = PBXBuildFile; fileRef = D3304BA12B939C9B009C54F2 /* RNews.swift */; };
		D3304BA42B93A4A7009C54F2 /* NewsFeedCacher.swift in Sources */ = {isa = PBXBuildFile; fileRef = D3304BA32B93A4A7009C54F2 /* NewsFeedCacher.swift */; };
		D3304BA62B93A86F009C54F2 /* BookmarkedNewsFetcher.swift in Sources */ = {isa = PBXBuildFile; fileRef = D3304BA52B93A86F009C54F2 /* BookmarkedNewsFetcher.swift */; };
		D3C56C132B91EBCA0008E3B4 /* AppDelegate.swift in Sources */ = {isa = PBXBuildFile; fileRef = D3C56C122B91EBCA0008E3B4 /* AppDelegate.swift */; };
		D3C56C1F2B91EBCC0008E3B4 /* Assets.xcassets in Resources */ = {isa = PBXBuildFile; fileRef = D3C56C1E2B91EBCC0008E3B4 /* Assets.xcassets */; };
		D3C56C222B91EBCC0008E3B4 /* LaunchScreen.storyboard in Resources */ = {isa = PBXBuildFile; fileRef = D3C56C202B91EBCC0008E3B4 /* LaunchScreen.storyboard */; };
		D3C56C2C2B9209610008E3B4 /* LoginVM.swift in Sources */ = {isa = PBXBuildFile; fileRef = D3C56C2B2B9209610008E3B4 /* LoginVM.swift */; };
		D3C56C2E2B9209700008E3B4 /* LoginVC.swift in Sources */ = {isa = PBXBuildFile; fileRef = D3C56C2D2B9209700008E3B4 /* LoginVC.swift */; };
		D3C56C322B92352F0008E3B4 /* UIViewExtensions.swift in Sources */ = {isa = PBXBuildFile; fileRef = D3C56C312B92352F0008E3B4 /* UIViewExtensions.swift */; };
		D3C56C342B9235500008E3B4 /* UIViewControllerExtensions.swift in Sources */ = {isa = PBXBuildFile; fileRef = D3C56C332B9235500008E3B4 /* UIViewControllerExtensions.swift */; };
		D3C56C362B923B390008E3B4 /* LoginModel.swift in Sources */ = {isa = PBXBuildFile; fileRef = D3C56C352B923B390008E3B4 /* LoginModel.swift */; };
		D3C56C3B2B9247C20008E3B4 /* AppLaunchService.swift in Sources */ = {isa = PBXBuildFile; fileRef = D3C56C3A2B9247C20008E3B4 /* AppLaunchService.swift */; };
/* End PBXBuildFile section */

/* Begin PBXFileReference section */
		D30446FA2B94176300C8262B /* Pagination.swift */ = {isa = PBXFileReference; lastKnownFileType = sourcecode.swift; path = Pagination.swift; sourceTree = "<group>"; };
		D30446FC2B9423B300C8262B /* NewsFeedLoadMoreTableViewCell.swift */ = {isa = PBXFileReference; lastKnownFileType = sourcecode.swift; path = NewsFeedLoadMoreTableViewCell.swift; sourceTree = "<group>"; };
		D30447022B943D0600C8262B /* NewsFeedDetailsVM.swift */ = {isa = PBXFileReference; lastKnownFileType = sourcecode.swift; path = NewsFeedDetailsVM.swift; sourceTree = "<group>"; };
		D30447042B943D1500C8262B /* NewsFeedDetailsVC.swift */ = {isa = PBXFileReference; lastKnownFileType = sourcecode.swift; path = NewsFeedDetailsVC.swift; sourceTree = "<group>"; };
		D30447062B943FC900C8262B /* UIImageViewExtensions.swift */ = {isa = PBXFileReference; lastKnownFileType = sourcecode.swift; path = UIImageViewExtensions.swift; sourceTree = "<group>"; };
		D3304B692B92C7BE009C54F2 /* RStorageService.swift */ = {isa = PBXFileReference; lastKnownFileType = sourcecode.swift; path = RStorageService.swift; sourceTree = "<group>"; };
		D3304B6D2B92C9B6009C54F2 /* DataTransformer.swift */ = {isa = PBXFileReference; lastKnownFileType = sourcecode.swift; path = DataTransformer.swift; sourceTree = "<group>"; };
		D3304B6F2B92CDB5009C54F2 /* UserCredentials.swift */ = {isa = PBXFileReference; lastKnownFileType = sourcecode.swift; path = UserCredentials.swift; sourceTree = "<group>"; };
		D3304B722B92CDEE009C54F2 /* RUser.swift */ = {isa = PBXFileReference; lastKnownFileType = sourcecode.swift; path = RUser.swift; sourceTree = "<group>"; };
		D3304B742B92E03A009C54F2 /* StringExtensions.swift */ = {isa = PBXFileReference; lastKnownFileType = sourcecode.swift; path = StringExtensions.swift; sourceTree = "<group>"; };
		D3304B772B92E6DA009C54F2 /* PasswordEncryptor.swift */ = {isa = PBXFileReference; lastKnownFileType = sourcecode.swift; path = PasswordEncryptor.swift; sourceTree = "<group>"; };
		D3304B7A2B92F21C009C54F2 /* UserRepoProtocol.swift */ = {isa = PBXFileReference; lastKnownFileType = sourcecode.swift; path = UserRepoProtocol.swift; sourceTree = "<group>"; };
		D3304B822B92F7EF009C54F2 /* KeychainService.swift */ = {isa = PBXFileReference; lastKnownFileType = sourcecode.swift; path = KeychainService.swift; sourceTree = "<group>"; };
		D3304B862B92FBD7009C54F2 /* AuthRepoProtocol.swift */ = {isa = PBXFileReference; lastKnownFileType = sourcecode.swift; path = AuthRepoProtocol.swift; sourceTree = "<group>"; };
		D3304B882B92FDEB009C54F2 /* KeychainUserLoginProvider.swift */ = {isa = PBXFileReference; lastKnownFileType = sourcecode.swift; path = KeychainUserLoginProvider.swift; sourceTree = "<group>"; };
		D3304B8B2B932783009C54F2 /* NewsListFetcherProtocol.swift */ = {isa = PBXFileReference; lastKnownFileType = sourcecode.swift; path = NewsListFetcherProtocol.swift; sourceTree = "<group>"; };
		D3304B8D2B93278E009C54F2 /* News.swift */ = {isa = PBXFileReference; lastKnownFileType = sourcecode.swift; path = News.swift; sourceTree = "<group>"; };
		D3304B902B9328C2009C54F2 /* URLSessionNewsFetcher.swift */ = {isa = PBXFileReference; lastKnownFileType = sourcecode.swift; path = URLSessionNewsFetcher.swift; sourceTree = "<group>"; };
		D3304B932B935F61009C54F2 /* HomeTabBarVC.swift */ = {isa = PBXFileReference; lastKnownFileType = sourcecode.swift; path = HomeTabBarVC.swift; sourceTree = "<group>"; };
		D3304B952B936BBD009C54F2 /* HomeTabBarVM.swift */ = {isa = PBXFileReference; lastKnownFileType = sourcecode.swift; path = HomeTabBarVM.swift; sourceTree = "<group>"; };
		D3304B972B938B2A009C54F2 /* NewsFeedVC.swift */ = {isa = PBXFileReference; lastKnownFileType = sourcecode.swift; path = NewsFeedVC.swift; sourceTree = "<group>"; };
		D3304B9A2B938B3D009C54F2 /* NewsFeedVM.swift */ = {isa = PBXFileReference; lastKnownFileType = sourcecode.swift; path = NewsFeedVM.swift; sourceTree = "<group>"; };
		D3304B9D2B938E85009C54F2 /* NewsFeedTableViewCell.swift */ = {isa = PBXFileReference; lastKnownFileType = sourcecode.swift; path = NewsFeedTableViewCell.swift; sourceTree = "<group>"; };
		D3304B9F2B939C39009C54F2 /* BookmarkableProtocol.swift */ = {isa = PBXFileReference; lastKnownFileType = sourcecode.swift; path = BookmarkableProtocol.swift; sourceTree = "<group>"; };
		D3304BA12B939C9B009C54F2 /* RNews.swift */ = {isa = PBXFileReference; lastKnownFileType = sourcecode.swift; path = RNews.swift; sourceTree = "<group>"; };
		D3304BA32B93A4A7009C54F2 /* NewsFeedCacher.swift */ = {isa = PBXFileReference; lastKnownFileType = sourcecode.swift; path = NewsFeedCacher.swift; sourceTree = "<group>"; };
		D3304BA52B93A86F009C54F2 /* BookmarkedNewsFetcher.swift */ = {isa = PBXFileReference; lastKnownFileType = sourcecode.swift; path = BookmarkedNewsFetcher.swift; sourceTree = "<group>"; };
		D3C56C0F2B91EBCA0008E3B4 /* NewsApp.app */ = {isa = PBXFileReference; explicitFileType = wrapper.application; includeInIndex = 0; path = NewsApp.app; sourceTree = BUILT_PRODUCTS_DIR; };
		D3C56C122B91EBCA0008E3B4 /* AppDelegate.swift */ = {isa = PBXFileReference; lastKnownFileType = sourcecode.swift; path = AppDelegate.swift; sourceTree = "<group>"; };
		D3C56C1E2B91EBCC0008E3B4 /* Assets.xcassets */ = {isa = PBXFileReference; lastKnownFileType = folder.assetcatalog; path = Assets.xcassets; sourceTree = "<group>"; };
		D3C56C212B91EBCC0008E3B4 /* Base */ = {isa = PBXFileReference; lastKnownFileType = file.storyboard; name = Base; path = Base.lproj/LaunchScreen.storyboard; sourceTree = "<group>"; };
		D3C56C232B91EBCC0008E3B4 /* Info.plist */ = {isa = PBXFileReference; lastKnownFileType = text.plist.xml; path = Info.plist; sourceTree = "<group>"; };
		D3C56C2B2B9209610008E3B4 /* LoginVM.swift */ = {isa = PBXFileReference; lastKnownFileType = sourcecode.swift; path = LoginVM.swift; sourceTree = "<group>"; };
		D3C56C2D2B9209700008E3B4 /* LoginVC.swift */ = {isa = PBXFileReference; lastKnownFileType = sourcecode.swift; path = LoginVC.swift; sourceTree = "<group>"; };
		D3C56C312B92352F0008E3B4 /* UIViewExtensions.swift */ = {isa = PBXFileReference; lastKnownFileType = sourcecode.swift; path = UIViewExtensions.swift; sourceTree = "<group>"; };
		D3C56C332B9235500008E3B4 /* UIViewControllerExtensions.swift */ = {isa = PBXFileReference; lastKnownFileType = sourcecode.swift; path = UIViewControllerExtensions.swift; sourceTree = "<group>"; };
		D3C56C352B923B390008E3B4 /* LoginModel.swift */ = {isa = PBXFileReference; lastKnownFileType = sourcecode.swift; path = LoginModel.swift; sourceTree = "<group>"; };
		D3C56C3A2B9247C20008E3B4 /* AppLaunchService.swift */ = {isa = PBXFileReference; lastKnownFileType = sourcecode.swift; path = AppLaunchService.swift; sourceTree = "<group>"; };
/* End PBXFileReference section */

/* Begin PBXFrameworksBuildPhase section */
		D3C56C0C2B91EBCA0008E3B4 /* Frameworks */ = {
			isa = PBXFrameworksBuildPhase;
			buildActionMask = 2147483647;
			files = (
				D30447002B942C0300C8262B /* Kingfisher in Frameworks */,
				D3304B682B92C7AC009C54F2 /* RealmSwift in Frameworks */,
				D3304B662B92C7AC009C54F2 /* Realm in Frameworks */,
			);
			runOnlyForDeploymentPostprocessing = 0;
		};
/* End PBXFrameworksBuildPhase section */

/* Begin PBXGroup section */
		D30447012B943CF400C8262B /* NewsFeedDetailsVC */ = {
			isa = PBXGroup;
			children = (
				D30447022B943D0600C8262B /* NewsFeedDetailsVM.swift */,
				D30447042B943D1500C8262B /* NewsFeedDetailsVC.swift */,
			);
			path = NewsFeedDetailsVC;
			sourceTree = "<group>";
		};
		D3304B6B2B92C9A3009C54F2 /* Core */ = {
			isa = PBXGroup;
			children = (
				D3304B792B92F20E009C54F2 /* Repos */,
				D3304B6C2B92C9AA009C54F2 /* Data */,
			);
			path = Core;
			sourceTree = "<group>";
		};
		D3304B6C2B92C9AA009C54F2 /* Data */ = {
			isa = PBXGroup;
			children = (
				D3304B6D2B92C9B6009C54F2 /* DataTransformer.swift */,
				D3304B6F2B92CDB5009C54F2 /* UserCredentials.swift */,
				D3304B8D2B93278E009C54F2 /* News.swift */,
			);
			path = Data;
			sourceTree = "<group>";
		};
		D3304B712B92CDD7009C54F2 /* RealmObjects */ = {
			isa = PBXGroup;
			children = (
				D3304B722B92CDEE009C54F2 /* RUser.swift */,
				D3304BA12B939C9B009C54F2 /* RNews.swift */,
			);
			path = RealmObjects;
			sourceTree = "<group>";
		};
		D3304B762B92E6CB009C54F2 /* Util */ = {
			isa = PBXGroup;
			children = (
				D3304B772B92E6DA009C54F2 /* PasswordEncryptor.swift */,
				D30446FA2B94176300C8262B /* Pagination.swift */,
			);
			path = Util;
			sourceTree = "<group>";
		};
		D3304B792B92F20E009C54F2 /* Repos */ = {
			isa = PBXGroup;
			children = (
				D3304B7A2B92F21C009C54F2 /* UserRepoProtocol.swift */,
				D3304B862B92FBD7009C54F2 /* AuthRepoProtocol.swift */,
				D3304B8B2B932783009C54F2 /* NewsListFetcherProtocol.swift */,
				D3304B9F2B939C39009C54F2 /* BookmarkableProtocol.swift */,
			);
			path = Repos;
			sourceTree = "<group>";
		};
		D3304B7C2B92F47E009C54F2 /* AppRoot */ = {
			isa = PBXGroup;
			children = (
				D3304B8F2B9328A8009C54F2 /* Networking */,
				D3304B812B92F7E3009C54F2 /* Keychain */,
				D3C56C372B9246600008E3B4 /* Realm */,
				D3304B7D2B92F4AE009C54F2 /* Resources */,
				D3C56C122B91EBCA0008E3B4 /* AppDelegate.swift */,
				D3C56C3A2B9247C20008E3B4 /* AppLaunchService.swift */,
			);
			path = AppRoot;
			sourceTree = "<group>";
		};
		D3304B7D2B92F4AE009C54F2 /* Resources */ = {
			isa = PBXGroup;
			children = (
				D3C56C1E2B91EBCC0008E3B4 /* Assets.xcassets */,
				D3C56C202B91EBCC0008E3B4 /* LaunchScreen.storyboard */,
				D3C56C232B91EBCC0008E3B4 /* Info.plist */,
			);
			path = Resources;
			sourceTree = "<group>";
		};
		D3304B812B92F7E3009C54F2 /* Keychain */ = {
			isa = PBXGroup;
			children = (
				D3304B822B92F7EF009C54F2 /* KeychainService.swift */,
				D3304B882B92FDEB009C54F2 /* KeychainUserLoginProvider.swift */,
			);
			path = Keychain;
			sourceTree = "<group>";
		};
		D3304B8F2B9328A8009C54F2 /* Networking */ = {
			isa = PBXGroup;
			children = (
				D3304B902B9328C2009C54F2 /* URLSessionNewsFetcher.swift */,
				D3304BA32B93A4A7009C54F2 /* NewsFeedCacher.swift */,
				D3304BA52B93A86F009C54F2 /* BookmarkedNewsFetcher.swift */,
			);
			path = Networking;
			sourceTree = "<group>";
		};
		D3304B922B935F50009C54F2 /* HomeVC */ = {
			isa = PBXGroup;
			children = (
				D3304B932B935F61009C54F2 /* HomeTabBarVC.swift */,
				D3304B952B936BBD009C54F2 /* HomeTabBarVM.swift */,
			);
			path = HomeVC;
			sourceTree = "<group>";
		};
		D3304B992B938B31009C54F2 /* NewsFeedVC */ = {
			isa = PBXGroup;
			children = (
				D3304B972B938B2A009C54F2 /* NewsFeedVC.swift */,
				D3304B9A2B938B3D009C54F2 /* NewsFeedVM.swift */,
				D3304B9D2B938E85009C54F2 /* NewsFeedTableViewCell.swift */,
				D30446FC2B9423B300C8262B /* NewsFeedLoadMoreTableViewCell.swift */,
			);
			path = NewsFeedVC;
			sourceTree = "<group>";
		};
		D3C56C062B91EBCA0008E3B4 = {
			isa = PBXGroup;
			children = (
				D3C56C112B91EBCA0008E3B4 /* NewsApp */,
				D3C56C102B91EBCA0008E3B4 /* Products */,
			);
			sourceTree = "<group>";
		};
		D3C56C102B91EBCA0008E3B4 /* Products */ = {
			isa = PBXGroup;
			children = (
				D3C56C0F2B91EBCA0008E3B4 /* NewsApp.app */,
			);
			name = Products;
			sourceTree = "<group>";
		};
		D3C56C112B91EBCA0008E3B4 /* NewsApp */ = {
			isa = PBXGroup;
			children = (
				D3304B7C2B92F47E009C54F2 /* AppRoot */,
				D3C56C292B92093A0008E3B4 /* ViewControllers */,
				D3C56C2F2B9235190008E3B4 /* Common */,
			);
			path = NewsApp;
			sourceTree = "<group>";
		};
		D3C56C292B92093A0008E3B4 /* ViewControllers */ = {
			isa = PBXGroup;
			children = (
				D30447012B943CF400C8262B /* NewsFeedDetailsVC */,
				D3304B992B938B31009C54F2 /* NewsFeedVC */,
				D3304B922B935F50009C54F2 /* HomeVC */,
				D3C56C2A2B9209530008E3B4 /* LoginVC */,
			);
			path = ViewControllers;
			sourceTree = "<group>";
		};
		D3C56C2A2B9209530008E3B4 /* LoginVC */ = {
			isa = PBXGroup;
			children = (
				D3C56C2B2B9209610008E3B4 /* LoginVM.swift */,
				D3C56C2D2B9209700008E3B4 /* LoginVC.swift */,
				D3C56C352B923B390008E3B4 /* LoginModel.swift */,
			);
			path = LoginVC;
			sourceTree = "<group>";
		};
		D3C56C2F2B9235190008E3B4 /* Common */ = {
			isa = PBXGroup;
			children = (
				D3304B762B92E6CB009C54F2 /* Util */,
				D3304B6B2B92C9A3009C54F2 /* Core */,
				D3C56C302B92351F0008E3B4 /* Extensions */,
			);
			path = Common;
			sourceTree = "<group>";
		};
		D3C56C302B92351F0008E3B4 /* Extensions */ = {
			isa = PBXGroup;
			children = (
				D3C56C312B92352F0008E3B4 /* UIViewExtensions.swift */,
				D3C56C332B9235500008E3B4 /* UIViewControllerExtensions.swift */,
				D3304B742B92E03A009C54F2 /* StringExtensions.swift */,
				D30447062B943FC900C8262B /* UIImageViewExtensions.swift */,
			);
			path = Extensions;
			sourceTree = "<group>";
		};
		D3C56C372B9246600008E3B4 /* Realm */ = {
			isa = PBXGroup;
			children = (
				D3304B712B92CDD7009C54F2 /* RealmObjects */,
				D3304B692B92C7BE009C54F2 /* RStorageService.swift */,
			);
			path = Realm;
			sourceTree = "<group>";
		};
/* End PBXGroup section */

/* Begin PBXNativeTarget section */
		D3C56C0E2B91EBCA0008E3B4 /* NewsApp */ = {
			isa = PBXNativeTarget;
			buildConfigurationList = D3C56C262B91EBCC0008E3B4 /* Build configuration list for PBXNativeTarget "NewsApp" */;
			buildPhases = (
				D3C56C0B2B91EBCA0008E3B4 /* Sources */,
				D3C56C0C2B91EBCA0008E3B4 /* Frameworks */,
				D3C56C0D2B91EBCA0008E3B4 /* Resources */,
			);
			buildRules = (
			);
			dependencies = (
			);
			name = NewsApp;
			packageProductDependencies = (
				D3304B652B92C7AC009C54F2 /* Realm */,
				D3304B672B92C7AC009C54F2 /* RealmSwift */,
				D30446FF2B942C0300C8262B /* Kingfisher */,
			);
			productName = NewsApp;
			productReference = D3C56C0F2B91EBCA0008E3B4 /* NewsApp.app */;
			productType = "com.apple.product-type.application";
		};
/* End PBXNativeTarget section */

/* Begin PBXProject section */
		D3C56C072B91EBCA0008E3B4 /* Project object */ = {
			isa = PBXProject;
			attributes = {
				BuildIndependentTargetsInParallel = 1;
				LastSwiftUpdateCheck = 1520;
				LastUpgradeCheck = 1520;
				TargetAttributes = {
					D3C56C0E2B91EBCA0008E3B4 = {
						CreatedOnToolsVersion = 15.2;
					};
				};
			};
			buildConfigurationList = D3C56C0A2B91EBCA0008E3B4 /* Build configuration list for PBXProject "NewsApp" */;
			compatibilityVersion = "Xcode 14.0";
			developmentRegion = en;
			hasScannedForEncodings = 0;
			knownRegions = (
				en,
				Base,
			);
			mainGroup = D3C56C062B91EBCA0008E3B4;
			packageReferences = (
				D3304B642B92C7AC009C54F2 /* XCRemoteSwiftPackageReference "realm-swift" */,
				D30446FE2B942C0300C8262B /* XCRemoteSwiftPackageReference "Kingfisher" */,
			);
			productRefGroup = D3C56C102B91EBCA0008E3B4 /* Products */;
			projectDirPath = "";
			projectRoot = "";
			targets = (
				D3C56C0E2B91EBCA0008E3B4 /* NewsApp */,
			);
		};
/* End PBXProject section */

/* Begin PBXResourcesBuildPhase section */
		D3C56C0D2B91EBCA0008E3B4 /* Resources */ = {
			isa = PBXResourcesBuildPhase;
			buildActionMask = 2147483647;
			files = (
				D3C56C222B91EBCC0008E3B4 /* LaunchScreen.storyboard in Resources */,
				D3C56C1F2B91EBCC0008E3B4 /* Assets.xcassets in Resources */,
			);
			runOnlyForDeploymentPostprocessing = 0;
		};
/* End PBXResourcesBuildPhase section */

/* Begin PBXSourcesBuildPhase section */
		D3C56C0B2B91EBCA0008E3B4 /* Sources */ = {
			isa = PBXSourcesBuildPhase;
			buildActionMask = 2147483647;
			files = (
				D3304B982B938B2A009C54F2 /* NewsFeedVC.swift in Sources */,
				D3304B8C2B932783009C54F2 /* NewsListFetcherProtocol.swift in Sources */,
				D3304B752B92E03A009C54F2 /* StringExtensions.swift in Sources */,
				D3304B9E2B938E85009C54F2 /* NewsFeedTableViewCell.swift in Sources */,
				D3304B732B92CDEE009C54F2 /* RUser.swift in Sources */,
				D3C56C3B2B9247C20008E3B4 /* AppLaunchService.swift in Sources */,
				D3C56C2C2B9209610008E3B4 /* LoginVM.swift in Sources */,
				D3304B942B935F61009C54F2 /* HomeTabBarVC.swift in Sources */,
				D3304B9B2B938B3D009C54F2 /* NewsFeedVM.swift in Sources */,
				D30447052B943D1500C8262B /* NewsFeedDetailsVC.swift in Sources */,
				D3304BA22B939C9B009C54F2 /* RNews.swift in Sources */,
				D3304B7B2B92F21C009C54F2 /* UserRepoProtocol.swift in Sources */,
				D3304B8E2B93278E009C54F2 /* News.swift in Sources */,
				D30447032B943D0600C8262B /* NewsFeedDetailsVM.swift in Sources */,
				D3C56C362B923B390008E3B4 /* LoginModel.swift in Sources */,
				D30446FD2B9423B300C8262B /* NewsFeedLoadMoreTableViewCell.swift in Sources */,
				D3C56C322B92352F0008E3B4 /* UIViewExtensions.swift in Sources */,
				D3304B892B92FDEB009C54F2 /* KeychainUserLoginProvider.swift in Sources */,
				D3C56C132B91EBCA0008E3B4 /* AppDelegate.swift in Sources */,
				D3304B912B9328C2009C54F2 /* URLSessionNewsFetcher.swift in Sources */,
				D3304B782B92E6DA009C54F2 /* PasswordEncryptor.swift in Sources */,
				D3304B6A2B92C7BE009C54F2 /* RStorageService.swift in Sources */,
				D3304BA62B93A86F009C54F2 /* BookmarkedNewsFetcher.swift in Sources */,
				D3C56C342B9235500008E3B4 /* UIViewControllerExtensions.swift in Sources */,
				D3C56C2E2B9209700008E3B4 /* LoginVC.swift in Sources */,
				D3304B6E2B92C9B6009C54F2 /* DataTransformer.swift in Sources */,
				D3304B872B92FBD7009C54F2 /* AuthRepoProtocol.swift in Sources */,
				D3304B832B92F7EF009C54F2 /* KeychainService.swift in Sources */,
				D3304B962B936BBD009C54F2 /* HomeTabBarVM.swift in Sources */,
				D3304B702B92CDB5009C54F2 /* UserCredentials.swift in Sources */,
				D30446FB2B94176300C8262B /* Pagination.swift in Sources */,
				D3304BA42B93A4A7009C54F2 /* NewsFeedCacher.swift in Sources */,
				D30447072B943FC900C8262B /* UIImageViewExtensions.swift in Sources */,
				D3304BA02B939C39009C54F2 /* BookmarkableProtocol.swift in Sources */,
			);
			runOnlyForDeploymentPostprocessing = 0;
		};
/* End PBXSourcesBuildPhase section */

/* Begin PBXVariantGroup section */
		D3C56C202B91EBCC0008E3B4 /* LaunchScreen.storyboard */ = {
			isa = PBXVariantGroup;
			children = (
				D3C56C212B91EBCC0008E3B4 /* Base */,
			);
			name = LaunchScreen.storyboard;
			sourceTree = "<group>";
		};
/* End PBXVariantGroup section */

/* Begin XCBuildConfiguration section */
		D3C56C242B91EBCC0008E3B4 /* Debug */ = {
			isa = XCBuildConfiguration;
			buildSettings = {
				ALWAYS_SEARCH_USER_PATHS = NO;
				ASSETCATALOG_COMPILER_GENERATE_SWIFT_ASSET_SYMBOL_EXTENSIONS = YES;
				CLANG_ANALYZER_NONNULL = YES;
				CLANG_ANALYZER_NUMBER_OBJECT_CONVERSION = YES_AGGRESSIVE;
				CLANG_CXX_LANGUAGE_STANDARD = "gnu++20";
				CLANG_ENABLE_MODULES = YES;
				CLANG_ENABLE_OBJC_ARC = YES;
				CLANG_ENABLE_OBJC_WEAK = YES;
				CLANG_WARN_BLOCK_CAPTURE_AUTORELEASING = YES;
				CLANG_WARN_BOOL_CONVERSION = YES;
				CLANG_WARN_COMMA = YES;
				CLANG_WARN_CONSTANT_CONVERSION = YES;
				CLANG_WARN_DEPRECATED_OBJC_IMPLEMENTATIONS = YES;
				CLANG_WARN_DIRECT_OBJC_ISA_USAGE = YES_ERROR;
				CLANG_WARN_DOCUMENTATION_COMMENTS = YES;
				CLANG_WARN_EMPTY_BODY = YES;
				CLANG_WARN_ENUM_CONVERSION = YES;
				CLANG_WARN_INFINITE_RECURSION = YES;
				CLANG_WARN_INT_CONVERSION = YES;
				CLANG_WARN_NON_LITERAL_NULL_CONVERSION = YES;
				CLANG_WARN_OBJC_IMPLICIT_RETAIN_SELF = YES;
				CLANG_WARN_OBJC_LITERAL_CONVERSION = YES;
				CLANG_WARN_OBJC_ROOT_CLASS = YES_ERROR;
				CLANG_WARN_QUOTED_INCLUDE_IN_FRAMEWORK_HEADER = YES;
				CLANG_WARN_RANGE_LOOP_ANALYSIS = YES;
				CLANG_WARN_STRICT_PROTOTYPES = YES;
				CLANG_WARN_SUSPICIOUS_MOVE = YES;
				CLANG_WARN_UNGUARDED_AVAILABILITY = YES_AGGRESSIVE;
				CLANG_WARN_UNREACHABLE_CODE = YES;
				CLANG_WARN__DUPLICATE_METHOD_MATCH = YES;
				COPY_PHASE_STRIP = NO;
				DEBUG_INFORMATION_FORMAT = dwarf;
				ENABLE_STRICT_OBJC_MSGSEND = YES;
				ENABLE_TESTABILITY = YES;
				ENABLE_USER_SCRIPT_SANDBOXING = YES;
				GCC_C_LANGUAGE_STANDARD = gnu17;
				GCC_DYNAMIC_NO_PIC = NO;
				GCC_NO_COMMON_BLOCKS = YES;
				GCC_OPTIMIZATION_LEVEL = 0;
				GCC_PREPROCESSOR_DEFINITIONS = (
					"DEBUG=1",
					"$(inherited)",
				);
				GCC_WARN_64_TO_32_BIT_CONVERSION = YES;
				GCC_WARN_ABOUT_RETURN_TYPE = YES_ERROR;
				GCC_WARN_UNDECLARED_SELECTOR = YES;
				GCC_WARN_UNINITIALIZED_AUTOS = YES_AGGRESSIVE;
				GCC_WARN_UNUSED_FUNCTION = YES;
				GCC_WARN_UNUSED_VARIABLE = YES;
				IPHONEOS_DEPLOYMENT_TARGET = 12.0;
				LOCALIZATION_PREFERS_STRING_CATALOGS = YES;
				MTL_ENABLE_DEBUG_INFO = INCLUDE_SOURCE;
				MTL_FAST_MATH = YES;
				ONLY_ACTIVE_ARCH = YES;
				SDKROOT = iphoneos;
				SWIFT_ACTIVE_COMPILATION_CONDITIONS = "DEBUG $(inherited)";
				SWIFT_OPTIMIZATION_LEVEL = "-Onone";
			};
			name = Debug;
		};
		D3C56C252B91EBCC0008E3B4 /* Release */ = {
			isa = XCBuildConfiguration;
			buildSettings = {
				ALWAYS_SEARCH_USER_PATHS = NO;
				ASSETCATALOG_COMPILER_GENERATE_SWIFT_ASSET_SYMBOL_EXTENSIONS = YES;
				CLANG_ANALYZER_NONNULL = YES;
				CLANG_ANALYZER_NUMBER_OBJECT_CONVERSION = YES_AGGRESSIVE;
				CLANG_CXX_LANGUAGE_STANDARD = "gnu++20";
				CLANG_ENABLE_MODULES = YES;
				CLANG_ENABLE_OBJC_ARC = YES;
				CLANG_ENABLE_OBJC_WEAK = YES;
				CLANG_WARN_BLOCK_CAPTURE_AUTORELEASING = YES;
				CLANG_WARN_BOOL_CONVERSION = YES;
				CLANG_WARN_COMMA = YES;
				CLANG_WARN_CONSTANT_CONVERSION = YES;
				CLANG_WARN_DEPRECATED_OBJC_IMPLEMENTATIONS = YES;
				CLANG_WARN_DIRECT_OBJC_ISA_USAGE = YES_ERROR;
				CLANG_WARN_DOCUMENTATION_COMMENTS = YES;
				CLANG_WARN_EMPTY_BODY = YES;
				CLANG_WARN_ENUM_CONVERSION = YES;
				CLANG_WARN_INFINITE_RECURSION = YES;
				CLANG_WARN_INT_CONVERSION = YES;
				CLANG_WARN_NON_LITERAL_NULL_CONVERSION = YES;
				CLANG_WARN_OBJC_IMPLICIT_RETAIN_SELF = YES;
				CLANG_WARN_OBJC_LITERAL_CONVERSION = YES;
				CLANG_WARN_OBJC_ROOT_CLASS = YES_ERROR;
				CLANG_WARN_QUOTED_INCLUDE_IN_FRAMEWORK_HEADER = YES;
				CLANG_WARN_RANGE_LOOP_ANALYSIS = YES;
				CLANG_WARN_STRICT_PROTOTYPES = YES;
				CLANG_WARN_SUSPICIOUS_MOVE = YES;
				CLANG_WARN_UNGUARDED_AVAILABILITY = YES_AGGRESSIVE;
				CLANG_WARN_UNREACHABLE_CODE = YES;
				CLANG_WARN__DUPLICATE_METHOD_MATCH = YES;
				COPY_PHASE_STRIP = NO;
				DEBUG_INFORMATION_FORMAT = "dwarf-with-dsym";
				ENABLE_NS_ASSERTIONS = NO;
				ENABLE_STRICT_OBJC_MSGSEND = YES;
				ENABLE_USER_SCRIPT_SANDBOXING = YES;
				GCC_C_LANGUAGE_STANDARD = gnu17;
				GCC_NO_COMMON_BLOCKS = YES;
				GCC_WARN_64_TO_32_BIT_CONVERSION = YES;
				GCC_WARN_ABOUT_RETURN_TYPE = YES_ERROR;
				GCC_WARN_UNDECLARED_SELECTOR = YES;
				GCC_WARN_UNINITIALIZED_AUTOS = YES_AGGRESSIVE;
				GCC_WARN_UNUSED_FUNCTION = YES;
				GCC_WARN_UNUSED_VARIABLE = YES;
				IPHONEOS_DEPLOYMENT_TARGET = 12.0;
				LOCALIZATION_PREFERS_STRING_CATALOGS = YES;
				MTL_ENABLE_DEBUG_INFO = NO;
				MTL_FAST_MATH = YES;
				SDKROOT = iphoneos;
				SWIFT_COMPILATION_MODE = wholemodule;
				VALIDATE_PRODUCT = YES;
			};
			name = Release;
		};
		D3C56C272B91EBCC0008E3B4 /* Debug */ = {
			isa = XCBuildConfiguration;
			buildSettings = {
				ASSETCATALOG_COMPILER_APPICON_NAME = AppIcon;
				ASSETCATALOG_COMPILER_GLOBAL_ACCENT_COLOR_NAME = AccentColor;
				CODE_SIGN_STYLE = Manual;
				CURRENT_PROJECT_VERSION = 1;
				DEVELOPMENT_TEAM = "";
				GENERATE_INFOPLIST_FILE = YES;
				INFOPLIST_FILE = NewsApp/AppRoot/Resources/Info.plist;
				INFOPLIST_KEY_UIApplicationSupportsIndirectInputEvents = YES;
				INFOPLIST_KEY_UILaunchStoryboardName = LaunchScreen;
				INFOPLIST_KEY_UISupportedInterfaceOrientations = UIInterfaceOrientationPortrait;
				LD_RUNPATH_SEARCH_PATHS = (
					"$(inherited)",
					"@executable_path/Frameworks",
				);
				MARKETING_VERSION = 1.0;
				PRODUCT_BUNDLE_IDENTIFIER = tech.pegb.shohin;
				PRODUCT_NAME = "$(TARGET_NAME)";
				PROVISIONING_PROFILE_SPECIFIER = "";
				SWIFT_EMIT_LOC_STRINGS = YES;
				SWIFT_VERSION = 5.0;
				TARGETED_DEVICE_FAMILY = "1,2";
			};
			name = Debug;
		};
		D3C56C282B91EBCC0008E3B4 /* Release */ = {
			isa = XCBuildConfiguration;
			buildSettings = {
				ASSETCATALOG_COMPILER_APPICON_NAME = AppIcon;
				ASSETCATALOG_COMPILER_GLOBAL_ACCENT_COLOR_NAME = AccentColor;
				CODE_SIGN_STYLE = Manual;
				CURRENT_PROJECT_VERSION = 1;
				DEVELOPMENT_TEAM = "";
				GENERATE_INFOPLIST_FILE = YES;
				INFOPLIST_FILE = NewsApp/AppRoot/Resources/Info.plist;
				INFOPLIST_KEY_UIApplicationSupportsIndirectInputEvents = YES;
				INFOPLIST_KEY_UILaunchStoryboardName = LaunchScreen;
				INFOPLIST_KEY_UISupportedInterfaceOrientations = UIInterfaceOrientationPortrait;
				LD_RUNPATH_SEARCH_PATHS = (
					"$(inherited)",
					"@executable_path/Frameworks",
				);
				MARKETING_VERSION = 1.0;
				PRODUCT_BUNDLE_IDENTIFIER = tech.pegb.shohin;
				PRODUCT_NAME = "$(TARGET_NAME)";
				PROVISIONING_PROFILE_SPECIFIER = "";
				SWIFT_EMIT_LOC_STRINGS = YES;
				SWIFT_VERSION = 5.0;
				TARGETED_DEVICE_FAMILY = "1,2";
			};
			name = Release;
		};
/* End XCBuildConfiguration section */

/* Begin XCConfigurationList section */
		D3C56C0A2B91EBCA0008E3B4 /* Build configuration list for PBXProject "NewsApp" */ = {
			isa = XCConfigurationList;
			buildConfigurations = (
				D3C56C242B91EBCC0008E3B4 /* Debug */,
				D3C56C252B91EBCC0008E3B4 /* Release */,
			);
			defaultConfigurationIsVisible = 0;
			defaultConfigurationName = Release;
		};
		D3C56C262B91EBCC0008E3B4 /* Build configuration list for PBXNativeTarget "NewsApp" */ = {
			isa = XCConfigurationList;
			buildConfigurations = (
				D3C56C272B91EBCC0008E3B4 /* Debug */,
				D3C56C282B91EBCC0008E3B4 /* Release */,
			);
			defaultConfigurationIsVisible = 0;
			defaultConfigurationName = Release;
		};
/* End XCConfigurationList section */

/* Begin XCRemoteSwiftPackageReference section */
		D30446FE2B942C0300C8262B /* XCRemoteSwiftPackageReference "Kingfisher" */ = {
			isa = XCRemoteSwiftPackageReference;
			repositoryURL = "https://github.com/onevcat/Kingfisher.git";
			requirement = {
				kind = upToNextMajorVersion;
				minimumVersion = 7.11.0;
			};
		};
		D3304B642B92C7AC009C54F2 /* XCRemoteSwiftPackageReference "realm-swift" */ = {
			isa = XCRemoteSwiftPackageReference;
			repositoryURL = "https://github.com/realm/realm-swift.git";
			requirement = {
				kind = upToNextMajorVersion;
				minimumVersion = 10.47.0;
			};
		};
/* End XCRemoteSwiftPackageReference section */

/* Begin XCSwiftPackageProductDependency section */
		D30446FF2B942C0300C8262B /* Kingfisher */ = {
			isa = XCSwiftPackageProductDependency;
			package = D30446FE2B942C0300C8262B /* XCRemoteSwiftPackageReference "Kingfisher" */;
			productName = Kingfisher;
		};
		D3304B652B92C7AC009C54F2 /* Realm */ = {
			isa = XCSwiftPackageProductDependency;
			package = D3304B642B92C7AC009C54F2 /* XCRemoteSwiftPackageReference "realm-swift" */;
			productName = Realm;
		};
		D3304B672B92C7AC009C54F2 /* RealmSwift */ = {
			isa = XCSwiftPackageProductDependency;
			package = D3304B642B92C7AC009C54F2 /* XCRemoteSwiftPackageReference "realm-swift" */;
			productName = RealmSwift;
		};
/* End XCSwiftPackageProductDependency section */
	};
	rootObject = D3C56C072B91EBCA0008E3B4 /* Project object */;
}
